
Microsoft Visual Studio Solution File, Format Version 12.00
# Visual Studio Version 16
VisualStudioVersion = 16.0.29025.244
MinimumVisualStudioVersion = 10.0.40219.1
Project("{FAE04EC0-301F-11D3-BF4B-00C04F79EFBC}") = "ashlie", "ashlie\ashlie\ashlie.csproj", "{F594B004-5F7D-4C47-BC39-DBE5910F315A}"
EndProject
Project("{FAE04EC0-301F-11D3-BF4B-00C04F79EFBC}") = "ashlie.Tests", "ashlie\ashlie.Tests\ashlie.Tests.csproj", "{C035A6CB-D40D-483B-842D-C02B44F8734A}"
EndProject
Global
	GlobalSection(SolutionConfigurationPlatforms) = preSolution
		Debug|Any CPU = Debug|Any CPU
		Release|Any CPU = Release|Any CPU
	EndGlobalSection
	GlobalSection(ProjectConfigurationPlatforms) = postSolution
		{F594B004-5F7D-4C47-BC39-DBE5910F315A}.Debug|Any CPU.ActiveCfg = Debug|Any CPU
		{F594B004-5F7D-4C47-BC39-DBE5910F315A}.Debug|Any CPU.Build.0 = Debug|Any CPU
		{F594B004-5F7D-4C47-BC39-DBE5910F315A}.Release|Any CPU.ActiveCfg = Release|Any CPU
		{F594B004-5F7D-4C47-BC39-DBE5910F315A}.Release|Any CPU.Build.0 = Release|Any CPU
		{C035A6CB-D40D-483B-842D-C02B44F8734A}.Debug|Any CPU.ActiveCfg = Debug|Any CPU
		{C035A6CB-D40D-483B-842D-C02B44F8734A}.Debug|Any CPU.Build.0 = Debug|Any CPU
		{C035A6CB-D40D-483B-842D-C02B44F8734A}.Release|Any CPU.ActiveCfg = Release|Any CPU
		{C035A6CB-D40D-483B-842D-C02B44F8734A}.Release|Any CPU.Build.0 = Release|Any CPU
	EndGlobalSection
	GlobalSection(SolutionProperties) = preSolution
		HideSolutionNode = FALSE
	EndGlobalSection
	GlobalSection(ExtensibilityGlobals) = postSolution
		SolutionGuid = {F1B59F4A-F489-47B0-B08D-109C1FDD6AD7}
	EndGlobalSection
EndGlobal
